
Microsoft Visual Studio Solution File, Format Version 12.00
# Visual Studio 15
VisualStudioVersion = 15.0.28010.2036
MinimumVisualStudioVersion = 10.0.40219.1
Project("{FAE04EC0-301F-11D3-BF4B-00C04F79EFBC}") = "RunningJournalApi.AcceptanceTests", "RunningJournalApi.AcceptanceTests\RunningJournalApi.AcceptanceTests.csproj", "{0A4F7B99-8392-4B87-883B-8F053746E316}"
EndProject
Global
	GlobalSection(SolutionConfigurationPlatforms) = preSolution
		Debug|Any CPU = Debug|Any CPU
		Release|Any CPU = Release|Any CPU
	EndGlobalSection
	GlobalSection(ProjectConfigurationPlatforms) = postSolution
		{0A4F7B99-8392-4B87-883B-8F053746E316}.Debug|Any CPU.ActiveCfg = Debug|Any CPU
		{0A4F7B99-8392-4B87-883B-8F053746E316}.Debug|Any CPU.Build.0 = Debug|Any CPU
		{0A4F7B99-8392-4B87-883B-8F053746E316}.Release|Any CPU.ActiveCfg = Release|Any CPU
		{0A4F7B99-8392-4B87-883B-8F053746E316}.Release|Any CPU.Build.0 = Release|Any CPU
	EndGlobalSection
	GlobalSection(SolutionProperties) = preSolution
		HideSolutionNode = FALSE
	EndGlobalSection
	GlobalSection(ExtensibilityGlobals) = postSolution
		SolutionGuid = {4E903623-8BB6-4EBE-8F58-F28D3F6BBD72}
	EndGlobalSection
EndGlobal
